
Microsoft Visual Studio Solution File, Format Version 12.00
# Visual Studio Version 17
VisualStudioVersion = 17.0.31903.59
MinimumVisualStudioVersion = 10.0.40219.1
Project("{FAE04EC0-301F-11D3-BF4B-00C04F79EFBC}") = "AuthService.Api", "AuthService.Api\AuthService.Api.csproj", "{6017F0A3-CEA1-43E1-B8E9-C7D17327DB99}"
EndProject
Global
	GlobalSection(SolutionConfigurationPlatforms) = preSolution
		Debug|Any CPU = Debug|Any CPU
		Release|Any CPU = Release|Any CPU
	EndGlobalSection
	GlobalSection(SolutionProperties) = preSolution
		HideSolutionNode = FALSE
	EndGlobalSection
	GlobalSection(ProjectConfigurationPlatforms) = postSolution
		{6017F0A3-CEA1-43E1-B8E9-C7D17327DB99}.Debug|Any CPU.ActiveCfg = Debug|Any CPU
		{6017F0A3-CEA1-43E1-B8E9-C7D17327DB99}.Debug|Any CPU.Build.0 = Debug|Any CPU
		{6017F0A3-CEA1-43E1-B8E9-C7D17327DB99}.Release|Any CPU.ActiveCfg = Release|Any CPU
		{6017F0A3-CEA1-43E1-B8E9-C7D17327DB99}.Release|Any CPU.Build.0 = Release|Any CPU
	EndGlobalSection
EndGlobal
